
Microsoft Visual Studio Solution File, Format Version 12.00
# Visual Studio Version 16
VisualStudioVersion = 16.0.28922.388
MinimumVisualStudioVersion = 10.0.40219.1
Project("{FAE04EC0-301F-11D3-BF4B-00C04F79EFBC}") = "BookApiTestAutomation", "BookApiTestAutomation\BookApiTestAutomation.csproj", "{464D2479-9767-4D46-8D67-B6C352C1DE75}"
EndProject
Global
	GlobalSection(SolutionConfigurationPlatforms) = preSolution
		Debug|Any CPU = Debug|Any CPU
		Release|Any CPU = Release|Any CPU
	EndGlobalSection
	GlobalSection(ProjectConfigurationPlatforms) = postSolution
		{464D2479-9767-4D46-8D67-B6C352C1DE75}.Debug|Any CPU.ActiveCfg = Debug|Any CPU
		{464D2479-9767-4D46-8D67-B6C352C1DE75}.Debug|Any CPU.Build.0 = Debug|Any CPU
		{464D2479-9767-4D46-8D67-B6C352C1DE75}.Release|Any CPU.ActiveCfg = Release|Any CPU
		{464D2479-9767-4D46-8D67-B6C352C1DE75}.Release|Any CPU.Build.0 = Release|Any CPU
	EndGlobalSection
	GlobalSection(SolutionProperties) = preSolution
		HideSolutionNode = FALSE
	EndGlobalSection
	GlobalSection(ExtensibilityGlobals) = postSolution
		SolutionGuid = {F7F47323-50A2-418E-90EC-C0AF7A54CD1E}
	EndGlobalSection
EndGlobal
